// !$*UTF8*$!
{
	archiveVersion = 1;
	classes = {
	};
	objectVersion = 50;
	objects = {

/* Begin PBXBuildFile section */
		7A14484225DB0F8E0080BBF6 /* apiano.wav in Resources */ = {isa = PBXBuildFile; fileRef = 7A14484125DB0F8E0080BBF6 /* apiano.wav */; };
		7A14484E25DB0FDF0080BBF6 /* dsharppiano.wav in Resources */ = {isa = PBXBuildFile; fileRef = 7A14484325DB0FDE0080BBF6 /* dsharppiano.wav */; };
		7A14484F25DB0FDF0080BBF6 /* bpiano.wav in Resources */ = {isa = PBXBuildFile; fileRef = 7A14484425DB0FDE0080BBF6 /* bpiano.wav */; };
		7A14485025DB0FDF0080BBF6 /* c2piano.wav in Resources */ = {isa = PBXBuildFile; fileRef = 7A14484525DB0FDE0080BBF6 /* c2piano.wav */; };
		7A14485125DB0FDF0080BBF6 /* epiano.wav in Resources */ = {isa = PBXBuildFile; fileRef = 7A14484625DB0FDE0080BBF6 /* epiano.wav */; };
		7A14485225DB0FDF0080BBF6 /* dpiano.wav in Resources */ = {isa = PBXBuildFile; fileRef = 7A14484725DB0FDE0080BBF6 /* dpiano.wav */; };
		7A14485325DB0FDF0080BBF6 /* fsharppiano.wav in Resources */ = {isa = PBXBuildFile; fileRef = 7A14484825DB0FDE0080BBF6 /* fsharppiano.wav */; };
		7A14485425DB0FDF0080BBF6 /* gsharppiano.wav in Resources */ = {isa = PBXBuildFile; fileRef = 7A14484925DB0FDE0080BBF6 /* gsharppiano.wav */; };
		7A14485525DB0FDF0080BBF6 /* fpiano.wav in Resources */ = {isa = PBXBuildFile; fileRef = 7A14484A25DB0FDE0080BBF6 /* fpiano.wav */; };
		7A14485625DB0FDF0080BBF6 /* c#piano.wav in Resources */ = {isa = PBXBuildFile; fileRef = 7A14484B25DB0FDE0080BBF6 /* c#piano.wav */; };
		7A14485725DB0FDF0080BBF6 /* bflatpiano.wav in Resources */ = {isa = PBXBuildFile; fileRef = 7A14484C25DB0FDE0080BBF6 /* bflatpiano.wav */; };
		7A14485825DB0FDF0080BBF6 /* gpiano.wav in Resources */ = {isa = PBXBuildFile; fileRef = 7A14484D25DB0FDE0080BBF6 /* gpiano.wav */; };
		7A2E23E02432CDBB008DF4FD /* ViewExtension.swift in Sources */ = {isa = PBXBuildFile; fileRef = 7A2E23DF2432CDBA008DF4FD /* ViewExtension.swift */; };
		7A46E53325A44727003ECDD3 /* Keyboard.swift in Sources */ = {isa = PBXBuildFile; fileRef = 7A46E53225A44727003ECDD3 /* Keyboard.swift */; };
		7A46E53825A44D98003ECDD3 /* c1piano.wav in Resources */ = {isa = PBXBuildFile; fileRef = 7A46E53725A44D97003ECDD3 /* c1piano.wav */; };
		7A63ED42240308C200264532 /* BackgroundSelect.swift in Sources */ = {isa = PBXBuildFile; fileRef = 7A63ED41240308C200264532 /* BackgroundSelect.swift */; };
		7AFC373623E78825009C6534 /* AppDelegate.swift in Sources */ = {isa = PBXBuildFile; fileRef = 7AFC373523E78825009C6534 /* AppDelegate.swift */; };
		7AFC373823E78825009C6534 /* SceneDelegate.swift in Sources */ = {isa = PBXBuildFile; fileRef = 7AFC373723E78825009C6534 /* SceneDelegate.swift */; };
		7AFC373A23E78825009C6534 /* ViewController.swift in Sources */ = {isa = PBXBuildFile; fileRef = 7AFC373923E78825009C6534 /* ViewController.swift */; };
		7AFC373D23E78825009C6534 /* Main.storyboard in Resources */ = {isa = PBXBuildFile; fileRef = 7AFC373B23E78825009C6534 /* Main.storyboard */; };
		7AFC373F23E7882B009C6534 /* Assets.xcassets in Resources */ = {isa = PBXBuildFile; fileRef = 7AFC373E23E7882B009C6534 /* Assets.xcassets */; };
		7AFC374223E7882B009C6534 /* LaunchScreen.storyboard in Resources */ = {isa = PBXBuildFile; fileRef = 7AFC374023E7882B009C6534 /* LaunchScreen.storyboard */; };
		90AAB9A625A2A27D000337AD /* AnimatedUILabel.swift in Sources */ = {isa = PBXBuildFile; fileRef = 90AAB9A525A2A27D000337AD /* AnimatedUILabel.swift */; };
		90AAB9DF25DB28EA000337AD /* PizzaGameView.swift in Sources */ = {isa = PBXBuildFile; fileRef = 90AAB9DE25DB28EA000337AD /* PizzaGameView.swift */; };
		90AAB9E225DB40F3000337AD /* PizzaGameCoordinator.swift in Sources */ = {isa = PBXBuildFile; fileRef = 90AAB9E125DB40F3000337AD /* PizzaGameCoordinator.swift */; };
		90AAB9E525DB60BA000337AD /* HotdogGameCoordinator.swift in Sources */ = {isa = PBXBuildFile; fileRef = 90AAB9E425DB60BA000337AD /* HotdogGameCoordinator.swift */; };
		90AAB9E925DB6210000337AD /* HotdogGameView.swift in Sources */ = {isa = PBXBuildFile; fileRef = 90AAB9E825DB6210000337AD /* HotdogGameView.swift */; };
		90AAB9F025DB965D000337AD /* PopcornGameCoordinator.swift in Sources */ = {isa = PBXBuildFile; fileRef = 90AAB9EF25DB965D000337AD /* PopcornGameCoordinator.swift */; };
		90AAB9F325DB96B1000337AD /* PopcornGameView.swift in Sources */ = {isa = PBXBuildFile; fileRef = 90AAB9F225DB96B1000337AD /* PopcornGameView.swift */; };
		90F9C07425EB0CE200840D48 /* PingPongViewController.swift in Sources */ = {isa = PBXBuildFile; fileRef = 90F9C07325EB0CE200840D48 /* PingPongViewController.swift */; };
		90F9C07B25EB6EEF00840D48 /* FoodSelectViewController.swift in Sources */ = {isa = PBXBuildFile; fileRef = 90F9C07A25EB6EEF00840D48 /* FoodSelectViewController.swift */; };
		90F9C08025EC8B3000840D48 /* BambooDialogViewController.swift in Sources */ = {isa = PBXBuildFile; fileRef = 90F9C07F25EC8B3000840D48 /* BambooDialogViewController.swift */; };
		90F9C08525EF571100840D48 /* SnackShopViewController.swift in Sources */ = {isa = PBXBuildFile; fileRef = 90F9C08425EF571000840D48 /* SnackShopViewController.swift */; };
		90F9C08825EF704C00840D48 /* ParkLunchViewController.swift in Sources */ = {isa = PBXBuildFile; fileRef = 90F9C08725EF704C00840D48 /* ParkLunchViewController.swift */; };
		90F9C08B25F0B01B00840D48 /* CharacterSelectViewController.swift in Sources */ = {isa = PBXBuildFile; fileRef = 90F9C08A25F0B01B00840D48 /* CharacterSelectViewController.swift */; };
		90F9C08E25F0BDFF00840D48 /* ParkWelcomeViewController.swift in Sources */ = {isa = PBXBuildFile; fileRef = 90F9C08D25F0BDFF00840D48 /* ParkWelcomeViewController.swift */; };
/* End PBXBuildFile section */

/* Begin PBXFileReference section */
		7A14484125DB0F8E0080BBF6 /* apiano.wav */ = {isa = PBXFileReference; lastKnownFileType = audio.wav; name = apiano.wav; path = StoryMaker/sounds/apiano.wav; sourceTree = SOURCE_ROOT; };
		7A14484325DB0FDE0080BBF6 /* dsharppiano.wav */ = {isa = PBXFileReference; lastKnownFileType = audio.wav; name = dsharppiano.wav; path = StoryMaker/sounds/dsharppiano.wav; sourceTree = SOURCE_ROOT; };
		7A14484425DB0FDE0080BBF6 /* bpiano.wav */ = {isa = PBXFileReference; lastKnownFileType = audio.wav; name = bpiano.wav; path = StoryMaker/sounds/bpiano.wav; sourceTree = SOURCE_ROOT; };
		7A14484525DB0FDE0080BBF6 /* c2piano.wav */ = {isa = PBXFileReference; lastKnownFileType = audio.wav; name = c2piano.wav; path = StoryMaker/sounds/c2piano.wav; sourceTree = SOURCE_ROOT; };
		7A14484625DB0FDE0080BBF6 /* epiano.wav */ = {isa = PBXFileReference; lastKnownFileType = audio.wav; name = epiano.wav; path = StoryMaker/sounds/epiano.wav; sourceTree = SOURCE_ROOT; };
		7A14484725DB0FDE0080BBF6 /* dpiano.wav */ = {isa = PBXFileReference; lastKnownFileType = audio.wav; name = dpiano.wav; path = StoryMaker/sounds/dpiano.wav; sourceTree = SOURCE_ROOT; };
		7A14484825DB0FDE0080BBF6 /* fsharppiano.wav */ = {isa = PBXFileReference; lastKnownFileType = audio.wav; name = fsharppiano.wav; path = StoryMaker/sounds/fsharppiano.wav; sourceTree = SOURCE_ROOT; };
		7A14484925DB0FDE0080BBF6 /* gsharppiano.wav */ = {isa = PBXFileReference; lastKnownFileType = audio.wav; name = gsharppiano.wav; path = StoryMaker/sounds/gsharppiano.wav; sourceTree = SOURCE_ROOT; };
		7A14484A25DB0FDE0080BBF6 /* fpiano.wav */ = {isa = PBXFileReference; lastKnownFileType = audio.wav; name = fpiano.wav; path = StoryMaker/sounds/fpiano.wav; sourceTree = SOURCE_ROOT; };
		7A14484B25DB0FDE0080BBF6 /* c#piano.wav */ = {isa = PBXFileReference; lastKnownFileType = audio.wav; name = "c#piano.wav"; path = "StoryMaker/sounds/c#piano.wav"; sourceTree = SOURCE_ROOT; };
		7A14484C25DB0FDE0080BBF6 /* bflatpiano.wav */ = {isa = PBXFileReference; lastKnownFileType = audio.wav; name = bflatpiano.wav; path = StoryMaker/sounds/bflatpiano.wav; sourceTree = SOURCE_ROOT; };
		7A14484D25DB0FDE0080BBF6 /* gpiano.wav */ = {isa = PBXFileReference; lastKnownFileType = audio.wav; name = gpiano.wav; path = StoryMaker/sounds/gpiano.wav; sourceTree = SOURCE_ROOT; };
		7A2E23DF2432CDBA008DF4FD /* ViewExtension.swift */ = {isa = PBXFileReference; lastKnownFileType = sourcecode.swift; path = ViewExtension.swift; sourceTree = "<group>"; };
		7A46E53225A44727003ECDD3 /* Keyboard.swift */ = {isa = PBXFileReference; fileEncoding = 4; lastKnownFileType = sourcecode.swift; path = Keyboard.swift; sourceTree = "<group>"; };
		7A46E53725A44D97003ECDD3 /* c1piano.wav */ = {isa = PBXFileReference; lastKnownFileType = audio.wav; name = c1piano.wav; path = StoryMaker/sounds/c1piano.wav; sourceTree = SOURCE_ROOT; };
		7A63ED41240308C200264532 /* BackgroundSelect.swift */ = {isa = PBXFileReference; lastKnownFileType = sourcecode.swift; path = BackgroundSelect.swift; sourceTree = "<group>"; };
		7AFC373223E78825009C6534 /* App.app */ = {isa = PBXFileReference; explicitFileType = wrapper.application; includeInIndex = 0; path = App.app; sourceTree = BUILT_PRODUCTS_DIR; };
		7AFC373523E78825009C6534 /* AppDelegate.swift */ = {isa = PBXFileReference; lastKnownFileType = sourcecode.swift; path = AppDelegate.swift; sourceTree = "<group>"; };
		7AFC373723E78825009C6534 /* SceneDelegate.swift */ = {isa = PBXFileReference; lastKnownFileType = sourcecode.swift; path = SceneDelegate.swift; sourceTree = "<group>"; };
		7AFC373923E78825009C6534 /* ViewController.swift */ = {isa = PBXFileReference; lastKnownFileType = sourcecode.swift; path = ViewController.swift; sourceTree = "<group>"; };
		7AFC373C23E78825009C6534 /* Base */ = {isa = PBXFileReference; lastKnownFileType = file.storyboard; name = Base; path = Base.lproj/Main.storyboard; sourceTree = "<group>"; };
		7AFC373E23E7882B009C6534 /* Assets.xcassets */ = {isa = PBXFileReference; lastKnownFileType = folder.assetcatalog; path = Assets.xcassets; sourceTree = "<group>"; };
		7AFC374123E7882B009C6534 /* Base */ = {isa = PBXFileReference; lastKnownFileType = file.storyboard; name = Base; path = Base.lproj/LaunchScreen.storyboard; sourceTree = "<group>"; };
		7AFC374323E7882B009C6534 /* Info.plist */ = {isa = PBXFileReference; lastKnownFileType = text.plist.xml; path = Info.plist; sourceTree = "<group>"; };
		90AAB9A525A2A27D000337AD /* AnimatedUILabel.swift */ = {isa = PBXFileReference; lastKnownFileType = sourcecode.swift; path = AnimatedUILabel.swift; sourceTree = "<group>"; };
		90AAB9DE25DB28EA000337AD /* PizzaGameView.swift */ = {isa = PBXFileReference; lastKnownFileType = sourcecode.swift; path = PizzaGameView.swift; sourceTree = "<group>"; };
		90AAB9E125DB40F3000337AD /* PizzaGameCoordinator.swift */ = {isa = PBXFileReference; lastKnownFileType = sourcecode.swift; path = PizzaGameCoordinator.swift; sourceTree = "<group>"; };
		90AAB9E425DB60BA000337AD /* HotdogGameCoordinator.swift */ = {isa = PBXFileReference; lastKnownFileType = sourcecode.swift; path = HotdogGameCoordinator.swift; sourceTree = "<group>"; };
		90AAB9E825DB6210000337AD /* HotdogGameView.swift */ = {isa = PBXFileReference; lastKnownFileType = sourcecode.swift; path = HotdogGameView.swift; sourceTree = "<group>"; };
		90AAB9EF25DB965D000337AD /* PopcornGameCoordinator.swift */ = {isa = PBXFileReference; lastKnownFileType = sourcecode.swift; path = PopcornGameCoordinator.swift; sourceTree = "<group>"; };
		90AAB9F225DB96B1000337AD /* PopcornGameView.swift */ = {isa = PBXFileReference; lastKnownFileType = sourcecode.swift; path = PopcornGameView.swift; sourceTree = "<group>"; };
		90F9C07325EB0CE200840D48 /* PingPongViewController.swift */ = {isa = PBXFileReference; lastKnownFileType = sourcecode.swift; path = PingPongViewController.swift; sourceTree = "<group>"; };
		90F9C07A25EB6EEF00840D48 /* FoodSelectViewController.swift */ = {isa = PBXFileReference; lastKnownFileType = sourcecode.swift; path = FoodSelectViewController.swift; sourceTree = "<group>"; };
		90F9C07F25EC8B3000840D48 /* BambooDialogViewController.swift */ = {isa = PBXFileReference; lastKnownFileType = sourcecode.swift; path = BambooDialogViewController.swift; sourceTree = "<group>"; };
		90F9C08425EF571000840D48 /* SnackShopViewController.swift */ = {isa = PBXFileReference; lastKnownFileType = sourcecode.swift; path = SnackShopViewController.swift; sourceTree = "<group>"; };
		90F9C08725EF704C00840D48 /* ParkLunchViewController.swift */ = {isa = PBXFileReference; lastKnownFileType = sourcecode.swift; path = ParkLunchViewController.swift; sourceTree = "<group>"; };
		90F9C08A25F0B01B00840D48 /* CharacterSelectViewController.swift */ = {isa = PBXFileReference; lastKnownFileType = sourcecode.swift; path = CharacterSelectViewController.swift; sourceTree = "<group>"; };
		90F9C08D25F0BDFF00840D48 /* ParkWelcomeViewController.swift */ = {isa = PBXFileReference; lastKnownFileType = sourcecode.swift; path = ParkWelcomeViewController.swift; sourceTree = "<group>"; };
/* End PBXFileReference section */

/* Begin PBXFrameworksBuildPhase section */
		7AFC372F23E78825009C6534 /* Frameworks */ = {
			isa = PBXFrameworksBuildPhase;
			buildActionMask = 2147483647;
			files = (
			);
			runOnlyForDeploymentPostprocessing = 0;
		};
/* End PBXFrameworksBuildPhase section */

/* Begin PBXGroup section */
		7A46E53625A44D76003ECDD3 /* Sounds */ = {
			isa = PBXGroup;
			children = (
				7A46E53725A44D97003ECDD3 /* c1piano.wav */,
				7A14484C25DB0FDE0080BBF6 /* bflatpiano.wav */,
				7A14484425DB0FDE0080BBF6 /* bpiano.wav */,
				7A14484B25DB0FDE0080BBF6 /* c#piano.wav */,
				7A14484525DB0FDE0080BBF6 /* c2piano.wav */,
				7A14484725DB0FDE0080BBF6 /* dpiano.wav */,
				7A14484325DB0FDE0080BBF6 /* dsharppiano.wav */,
				7A14484625DB0FDE0080BBF6 /* epiano.wav */,
				7A14484A25DB0FDE0080BBF6 /* fpiano.wav */,
				7A14484825DB0FDE0080BBF6 /* fsharppiano.wav */,
				7A14484D25DB0FDE0080BBF6 /* gpiano.wav */,
				7A14484925DB0FDE0080BBF6 /* gsharppiano.wav */,
				7A14484125DB0F8E0080BBF6 /* apiano.wav */,
			);
			path = Sounds;
			sourceTree = "<group>";
		};
		7AFC372923E78825009C6534 = {
			isa = PBXGroup;
			children = (
				7A46E53625A44D76003ECDD3 /* Sounds */,
				7AFC373423E78825009C6534 /* StoryMaker */,
				7AFC373323E78825009C6534 /* Products */,
			);
			sourceTree = "<group>";
		};
		7AFC373323E78825009C6534 /* Products */ = {
			isa = PBXGroup;
			children = (
				7AFC373223E78825009C6534 /* App.app */,
			);
			name = Products;
			sourceTree = "<group>";
		};
		7AFC373423E78825009C6534 /* StoryMaker */ = {
			isa = PBXGroup;
			children = (
				7A46E53225A44727003ECDD3 /* Keyboard.swift */,
				7AFC373523E78825009C6534 /* AppDelegate.swift */,
				7AFC373723E78825009C6534 /* SceneDelegate.swift */,
				7AFC373923E78825009C6534 /* ViewController.swift */,
				7AFC373B23E78825009C6534 /* Main.storyboard */,
				7A63ED41240308C200264532 /* BackgroundSelect.swift */,
				7A2E23DF2432CDBA008DF4FD /* ViewExtension.swift */,
				7AFC373E23E7882B009C6534 /* Assets.xcassets */,
				7AFC374023E7882B009C6534 /* LaunchScreen.storyboard */,
				7AFC374323E7882B009C6534 /* Info.plist */,
				90AAB9A525A2A27D000337AD /* AnimatedUILabel.swift */,
				90AAB9DE25DB28EA000337AD /* PizzaGameView.swift */,
				90AAB9E125DB40F3000337AD /* PizzaGameCoordinator.swift */,
				90AAB9E425DB60BA000337AD /* HotdogGameCoordinator.swift */,
				90AAB9E825DB6210000337AD /* HotdogGameView.swift */,
				90AAB9EF25DB965D000337AD /* PopcornGameCoordinator.swift */,
				90AAB9F225DB96B1000337AD /* PopcornGameView.swift */,
				90F9C07325EB0CE200840D48 /* PingPongViewController.swift */,
				90F9C07A25EB6EEF00840D48 /* FoodSelectViewController.swift */,
				90F9C07F25EC8B3000840D48 /* BambooDialogViewController.swift */,
				90F9C08425EF571000840D48 /* SnackShopViewController.swift */,
				90F9C08725EF704C00840D48 /* ParkLunchViewController.swift */,
				90F9C08A25F0B01B00840D48 /* CharacterSelectViewController.swift */,
				90F9C08D25F0BDFF00840D48 /* ParkWelcomeViewController.swift */,
			);
			path = StoryMaker;
			sourceTree = "<group>";
		};
/* End PBXGroup section */

/* Begin PBXNativeTarget section */
		7AFC373123E78825009C6534 /* StoryMaker */ = {
			isa = PBXNativeTarget;
			buildConfigurationList = 7AFC374623E7882B009C6534 /* Build configuration list for PBXNativeTarget "StoryMaker" */;
			buildPhases = (
				7AFC372E23E78825009C6534 /* Sources */,
				7AFC372F23E78825009C6534 /* Frameworks */,
				7AFC373023E78825009C6534 /* Resources */,
			);
			buildRules = (
			);
			dependencies = (
			);
			name = StoryMaker;
			productName = StoryMaker;
			productReference = 7AFC373223E78825009C6534 /* App.app */;
			productType = "com.apple.product-type.application";
		};
/* End PBXNativeTarget section */

/* Begin PBXProject section */
		7AFC372A23E78825009C6534 /* Project object */ = {
			isa = PBXProject;
			attributes = {
				LastSwiftUpdateCheck = 1110;
				LastUpgradeCheck = 1110;
				ORGANIZATIONNAME = marinalee;
				TargetAttributes = {
					7AFC373123E78825009C6534 = {
						CreatedOnToolsVersion = 11.1;
					};
				};
			};
			buildConfigurationList = 7AFC372D23E78825009C6534 /* Build configuration list for PBXProject "StoryMaker" */;
			compatibilityVersion = "Xcode 9.3";
			developmentRegion = en;
			hasScannedForEncodings = 0;
			knownRegions = (
				en,
				Base,
			);
			mainGroup = 7AFC372923E78825009C6534;
			productRefGroup = 7AFC373323E78825009C6534 /* Products */;
			projectDirPath = "";
			projectRoot = "";
			targets = (
				7AFC373123E78825009C6534 /* StoryMaker */,
			);
		};
/* End PBXProject section */

/* Begin PBXResourcesBuildPhase section */
		7AFC373023E78825009C6534 /* Resources */ = {
			isa = PBXResourcesBuildPhase;
			buildActionMask = 2147483647;
			files = (
				7A14484E25DB0FDF0080BBF6 /* dsharppiano.wav in Resources */,
				7A14484F25DB0FDF0080BBF6 /* bpiano.wav in Resources */,
				7A14485625DB0FDF0080BBF6 /* c#piano.wav in Resources */,
				7AFC374223E7882B009C6534 /* LaunchScreen.storyboard in Resources */,
				7A14485825DB0FDF0080BBF6 /* gpiano.wav in Resources */,
				7A14485225DB0FDF0080BBF6 /* dpiano.wav in Resources */,
				7A14485025DB0FDF0080BBF6 /* c2piano.wav in Resources */,
				7A14485725DB0FDF0080BBF6 /* bflatpiano.wav in Resources */,
				7AFC373F23E7882B009C6534 /* Assets.xcassets in Resources */,
				7A46E53825A44D98003ECDD3 /* c1piano.wav in Resources */,
				7A14485425DB0FDF0080BBF6 /* gsharppiano.wav in Resources */,
				7A14485525DB0FDF0080BBF6 /* fpiano.wav in Resources */,
				7AFC373D23E78825009C6534 /* Main.storyboard in Resources */,
				7A14485325DB0FDF0080BBF6 /* fsharppiano.wav in Resources */,
				7A14485125DB0FDF0080BBF6 /* epiano.wav in Resources */,
				7A14484225DB0F8E0080BBF6 /* apiano.wav in Resources */,
			);
			runOnlyForDeploymentPostprocessing = 0;
		};
/* End PBXResourcesBuildPhase section */

/* Begin PBXSourcesBuildPhase section */
		7AFC372E23E78825009C6534 /* Sources */ = {
			isa = PBXSourcesBuildPhase;
			buildActionMask = 2147483647;
			files = (
				7AFC373A23E78825009C6534 /* ViewController.swift in Sources */,
				90AAB9E225DB40F3000337AD /* PizzaGameCoordinator.swift in Sources */,
				90AAB9A625A2A27D000337AD /* AnimatedUILabel.swift in Sources */,
				90F9C08E25F0BDFF00840D48 /* ParkWelcomeViewController.swift in Sources */,
				90F9C08525EF571100840D48 /* SnackShopViewController.swift in Sources */,
				7A46E53325A44727003ECDD3 /* Keyboard.swift in Sources */,
				90F9C08025EC8B3000840D48 /* BambooDialogViewController.swift in Sources */,
				90AAB9F325DB96B1000337AD /* PopcornGameView.swift in Sources */,
				90AAB9DF25DB28EA000337AD /* PizzaGameView.swift in Sources */,
				90AAB9E525DB60BA000337AD /* HotdogGameCoordinator.swift in Sources */,
				90F9C07425EB0CE200840D48 /* PingPongViewController.swift in Sources */,
				7A63ED42240308C200264532 /* BackgroundSelect.swift in Sources */,
				90F9C08825EF704C00840D48 /* ParkLunchViewController.swift in Sources */,
				90AAB9F025DB965D000337AD /* PopcornGameCoordinator.swift in Sources */,
				90F9C07B25EB6EEF00840D48 /* FoodSelectViewController.swift in Sources */,
				7AFC373623E78825009C6534 /* AppDelegate.swift in Sources */,
				90AAB9E925DB6210000337AD /* HotdogGameView.swift in Sources */,
				7AFC373823E78825009C6534 /* SceneDelegate.swift in Sources */,
				90F9C08B25F0B01B00840D48 /* CharacterSelectViewController.swift in Sources */,
				7A2E23E02432CDBB008DF4FD /* ViewExtension.swift in Sources */,
			);
			runOnlyForDeploymentPostprocessing = 0;
		};
/* End PBXSourcesBuildPhase section */

/* Begin PBXVariantGroup section */
		7AFC373B23E78825009C6534 /* Main.storyboard */ = {
			isa = PBXVariantGroup;
			children = (
				7AFC373C23E78825009C6534 /* Base */,
			);
			name = Main.storyboard;
			sourceTree = "<group>";
		};
		7AFC374023E7882B009C6534 /* LaunchScreen.storyboard */ = {
			isa = PBXVariantGroup;
			children = (
				7AFC374123E7882B009C6534 /* Base */,
			);
			name = LaunchScreen.storyboard;
			sourceTree = "<group>";
		};
/* End PBXVariantGroup section */

/* Begin XCBuildConfiguration section */
		7AFC374423E7882B009C6534 /* Debug */ = {
			isa = XCBuildConfiguration;
			buildSettings = {
				ALWAYS_SEARCH_USER_PATHS = NO;
				CLANG_ANALYZER_NONNULL = YES;
				CLANG_ANALYZER_NUMBER_OBJECT_CONVERSION = YES_AGGRESSIVE;
				CLANG_CXX_LANGUAGE_STANDARD = "gnu++14";
				CLANG_CXX_LIBRARY = "libc++";
				CLANG_ENABLE_MODULES = YES;
				CLANG_ENABLE_OBJC_ARC = YES;
				CLANG_ENABLE_OBJC_WEAK = YES;
				CLANG_WARN_BLOCK_CAPTURE_AUTORELEASING = YES;
				CLANG_WARN_BOOL_CONVERSION = YES;
				CLANG_WARN_COMMA = YES;
				CLANG_WARN_CONSTANT_CONVERSION = YES;
				CLANG_WARN_DEPRECATED_OBJC_IMPLEMENTATIONS = YES;
				CLANG_WARN_DIRECT_OBJC_ISA_USAGE = YES_ERROR;
				CLANG_WARN_DOCUMENTATION_COMMENTS = YES;
				CLANG_WARN_EMPTY_BODY = YES;
				CLANG_WARN_ENUM_CONVERSION = YES;
				CLANG_WARN_INFINITE_RECURSION = YES;
				CLANG_WARN_INT_CONVERSION = YES;
				CLANG_WARN_NON_LITERAL_NULL_CONVERSION = YES;
				CLANG_WARN_OBJC_IMPLICIT_RETAIN_SELF = YES;
				CLANG_WARN_OBJC_LITERAL_CONVERSION = YES;
				CLANG_WARN_OBJC_ROOT_CLASS = YES_ERROR;
				CLANG_WARN_RANGE_LOOP_ANALYSIS = YES;
				CLANG_WARN_STRICT_PROTOTYPES = YES;
				CLANG_WARN_SUSPICIOUS_MOVE = YES;
				CLANG_WARN_UNGUARDED_AVAILABILITY = YES_AGGRESSIVE;
				CLANG_WARN_UNREACHABLE_CODE = YES;
				CLANG_WARN__DUPLICATE_METHOD_MATCH = YES;
				COPY_PHASE_STRIP = NO;
				DEBUG_INFORMATION_FORMAT = dwarf;
				ENABLE_STRICT_OBJC_MSGSEND = YES;
				ENABLE_TESTABILITY = YES;
				GCC_C_LANGUAGE_STANDARD = gnu11;
				GCC_DYNAMIC_NO_PIC = NO;
				GCC_NO_COMMON_BLOCKS = YES;
				GCC_OPTIMIZATION_LEVEL = 0;
				GCC_PREPROCESSOR_DEFINITIONS = (
					"DEBUG=1",
					"$(inherited)",
				);
				GCC_WARN_64_TO_32_BIT_CONVERSION = YES;
				GCC_WARN_ABOUT_RETURN_TYPE = YES_ERROR;
				GCC_WARN_UNDECLARED_SELECTOR = YES;
				GCC_WARN_UNINITIALIZED_AUTOS = YES_AGGRESSIVE;
				GCC_WARN_UNUSED_FUNCTION = YES;
				GCC_WARN_UNUSED_VARIABLE = YES;
				IPHONEOS_DEPLOYMENT_TARGET = 13.1;
				MTL_ENABLE_DEBUG_INFO = INCLUDE_SOURCE;
				MTL_FAST_MATH = YES;
				ONLY_ACTIVE_ARCH = YES;
				SDKROOT = iphoneos;
				SWIFT_ACTIVE_COMPILATION_CONDITIONS = DEBUG;
				SWIFT_OPTIMIZATION_LEVEL = "-Onone";
			};
			name = Debug;
		};
		7AFC374523E7882B009C6534 /* Release */ = {
			isa = XCBuildConfiguration;
			buildSettings = {
				ALWAYS_SEARCH_USER_PATHS = NO;
				CLANG_ANALYZER_NONNULL = YES;
				CLANG_ANALYZER_NUMBER_OBJECT_CONVERSION = YES_AGGRESSIVE;
				CLANG_CXX_LANGUAGE_STANDARD = "gnu++14";
				CLANG_CXX_LIBRARY = "libc++";
				CLANG_ENABLE_MODULES = YES;
				CLANG_ENABLE_OBJC_ARC = YES;
				CLANG_ENABLE_OBJC_WEAK = YES;
				CLANG_WARN_BLOCK_CAPTURE_AUTORELEASING = YES;
				CLANG_WARN_BOOL_CONVERSION = YES;
				CLANG_WARN_COMMA = YES;
				CLANG_WARN_CONSTANT_CONVERSION = YES;
				CLANG_WARN_DEPRECATED_OBJC_IMPLEMENTATIONS = YES;
				CLANG_WARN_DIRECT_OBJC_ISA_USAGE = YES_ERROR;
				CLANG_WARN_DOCUMENTATION_COMMENTS = YES;
				CLANG_WARN_EMPTY_BODY = YES;
				CLANG_WARN_ENUM_CONVERSION = YES;
				CLANG_WARN_INFINITE_RECURSION = YES;
				CLANG_WARN_INT_CONVERSION = YES;
				CLANG_WARN_NON_LITERAL_NULL_CONVERSION = YES;
				CLANG_WARN_OBJC_IMPLICIT_RETAIN_SELF = YES;
				CLANG_WARN_OBJC_LITERAL_CONVERSION = YES;
				CLANG_WARN_OBJC_ROOT_CLASS = YES_ERROR;
				CLANG_WARN_RANGE_LOOP_ANALYSIS = YES;
				CLANG_WARN_STRICT_PROTOTYPES = YES;
				CLANG_WARN_SUSPICIOUS_MOVE = YES;
				CLANG_WARN_UNGUARDED_AVAILABILITY = YES_AGGRESSIVE;
				CLANG_WARN_UNREACHABLE_CODE = YES;
				CLANG_WARN__DUPLICATE_METHOD_MATCH = YES;
				COPY_PHASE_STRIP = NO;
				DEBUG_INFORMATION_FORMAT = "dwarf-with-dsym";
				ENABLE_NS_ASSERTIONS = NO;
				ENABLE_STRICT_OBJC_MSGSEND = YES;
				GCC_C_LANGUAGE_STANDARD = gnu11;
				GCC_NO_COMMON_BLOCKS = YES;
				GCC_WARN_64_TO_32_BIT_CONVERSION = YES;
				GCC_WARN_ABOUT_RETURN_TYPE = YES_ERROR;
				GCC_WARN_UNDECLARED_SELECTOR = YES;
				GCC_WARN_UNINITIALIZED_AUTOS = YES_AGGRESSIVE;
				GCC_WARN_UNUSED_FUNCTION = YES;
				GCC_WARN_UNUSED_VARIABLE = YES;
				IPHONEOS_DEPLOYMENT_TARGET = 13.1;
				MTL_ENABLE_DEBUG_INFO = NO;
				MTL_FAST_MATH = YES;
				SDKROOT = iphoneos;
				SWIFT_COMPILATION_MODE = wholemodule;
				SWIFT_OPTIMIZATION_LEVEL = "-O";
				VALIDATE_PRODUCT = YES;
			};
			name = Release;
		};
		7AFC374723E7882B009C6534 /* Debug */ = {
			isa = XCBuildConfiguration;
			buildSettings = {
				ASSETCATALOG_COMPILER_APPICON_NAME = AppIcon;
				CODE_SIGN_STYLE = Automatic;
				DEVELOPMENT_TEAM = 9SYG28RVVD;
				INFOPLIST_FILE = StoryMaker/Info.plist;
				LD_RUNPATH_SEARCH_PATHS = (
					"$(inherited)",
					"@executable_path/Frameworks",
				);
				PRODUCT_BUNDLE_IDENTIFIER = com.marinalee.StoryMaker;
				PRODUCT_NAME = App;
				SWIFT_VERSION = 5.0;
				TARGETED_DEVICE_FAMILY = "1,2";
			};
			name = Debug;
		};
		7AFC374823E7882B009C6534 /* Release */ = {
			isa = XCBuildConfiguration;
			buildSettings = {
				ASSETCATALOG_COMPILER_APPICON_NAME = AppIcon;
				CODE_SIGN_STYLE = Automatic;
				DEVELOPMENT_TEAM = 9SYG28RVVD;
				INFOPLIST_FILE = StoryMaker/Info.plist;
				LD_RUNPATH_SEARCH_PATHS = (
					"$(inherited)",
					"@executable_path/Frameworks",
				);
				PRODUCT_BUNDLE_IDENTIFIER = com.marinalee.StoryMaker;
				PRODUCT_NAME = App;
				SWIFT_VERSION = 5.0;
				TARGETED_DEVICE_FAMILY = "1,2";
			};
			name = Release;
		};
/* End XCBuildConfiguration section */

/* Begin XCConfigurationList section */
		7AFC372D23E78825009C6534 /* Build configuration list for PBXProject "StoryMaker" */ = {
			isa = XCConfigurationList;
			buildConfigurations = (
				7AFC374423E7882B009C6534 /* Debug */,
				7AFC374523E7882B009C6534 /* Release */,
			);
			defaultConfigurationIsVisible = 0;
			defaultConfigurationName = Release;
		};
		7AFC374623E7882B009C6534 /* Build configuration list for PBXNativeTarget "StoryMaker" */ = {
			isa = XCConfigurationList;
			buildConfigurations = (
				7AFC374723E7882B009C6534 /* Debug */,
				7AFC374823E7882B009C6534 /* Release */,
			);
			defaultConfigurationIsVisible = 0;
			defaultConfigurationName = Release;
		};
/* End XCConfigurationList section */
	};
	rootObject = 7AFC372A23E78825009C6534 /* Project object */;
}
