// !$*UTF8*$!
{
	archiveVersion = 1;
	classes = {
	};
	objectVersion = 50;
	objects = {

/* Begin PBXBuildFile section */
		7A63ED42240308C200264532 /* BackgroundSelect.swift in Sources */ = {isa = PBXBuildFile; fileRef = 7A63ED41240308C200264532 /* BackgroundSelect.swift */; };
		7AFC373623E78825009C6534 /* AppDelegate.swift in Sources */ = {isa = PBXBuildFile; fileRef = 7AFC373523E78825009C6534 /* AppDelegate.swift */; };
		7AFC373823E78825009C6534 /* SceneDelegate.swift in Sources */ = {isa = PBXBuildFile; fileRef = 7AFC373723E78825009C6534 /* SceneDelegate.swift */; };
		7AFC373A23E78825009C6534 /* ViewController.swift in Sources */ = {isa = PBXBuildFile; fileRef = 7AFC373923E78825009C6534 /* ViewController.swift */; };
		7AFC373D23E78825009C6534 /* Main.storyboard in Resources */ = {isa = PBXBuildFile; fileRef = 7AFC373B23E78825009C6534 /* Main.storyboard */; };
		7AFC373F23E7882B009C6534 /* Assets.xcassets in Resources */ = {isa = PBXBuildFile; fileRef = 7AFC373E23E7882B009C6534 /* Assets.xcassets */; };
		7AFC374223E7882B009C6534 /* LaunchScreen.storyboard in Resources */ = {isa = PBXBuildFile; fileRef = 7AFC374023E7882B009C6534 /* LaunchScreen.storyboard */; };
/* End PBXBuildFile section */

/* Begin PBXFileReference section */
		7A63ED41240308C200264532 /* BackgroundSelect.swift */ = {isa = PBXFileReference; lastKnownFileType = sourcecode.swift; path = BackgroundSelect.swift; sourceTree = "<group>"; };
		7AFC373223E78825009C6534 /* App.app */ = {isa = PBXFileReference; explicitFileType = wrapper.application; includeInIndex = 0; path = App.app; sourceTree = BUILT_PRODUCTS_DIR; };
		7AFC373523E78825009C6534 /* AppDelegate.swift */ = {isa = PBXFileReference; lastKnownFileType = sourcecode.swift; path = AppDelegate.swift; sourceTree = "<group>"; };
		7AFC373723E78825009C6534 /* SceneDelegate.swift */ = {isa = PBXFileReference; lastKnownFileType = sourcecode.swift; path = SceneDelegate.swift; sourceTree = "<group>"; };
		7AFC373923E78825009C6534 /* ViewController.swift */ = {isa = PBXFileReference; lastKnownFileType = sourcecode.swift; path = ViewController.swift; sourceTree = "<group>"; };
		7AFC373C23E78825009C6534 /* Base */ = {isa = PBXFileReference; lastKnownFileType = file.storyboard; name = Base; path = Base.lproj/Main.storyboard; sourceTree = "<group>"; };
		7AFC373E23E7882B009C6534 /* Assets.xcassets */ = {isa = PBXFileReference; lastKnownFileType = folder.assetcatalog; path = Assets.xcassets; sourceTree = "<group>"; };
		7AFC374123E7882B009C6534 /* Base */ = {isa = PBXFileReference; lastKnownFileType = file.storyboard; name = Base; path = Base.lproj/LaunchScreen.storyboard; sourceTree = "<group>"; };
		7AFC374323E7882B009C6534 /* Info.plist */ = {isa = PBXFileReference; lastKnownFileType = text.plist.xml; path = Info.plist; sourceTree = "<group>"; };
/* End PBXFileReference section */

/* Begin PBXFrameworksBuildPhase section */
		7AFC372F23E78825009C6534 /* Frameworks */ = {
			isa = PBXFrameworksBuildPhase;
			buildActionMask = 2147483647;
			files = (
			);
			runOnlyForDeploymentPostprocessing = 0;
		};
/* End PBXFrameworksBuildPhase section */

/* Begin PBXGroup section */
		7AFC372923E78825009C6534 = {
			isa = PBXGroup;
			children = (
				7AFC373423E78825009C6534 /* StoryMaker */,
				7AFC373323E78825009C6534 /* Products */,
			);
			sourceTree = "<group>";
		};
		7AFC373323E78825009C6534 /* Products */ = {
			isa = PBXGroup;
			children = (
				7AFC373223E78825009C6534 /* App.app */,
			);
			name = Products;
			sourceTree = "<group>";
		};
		7AFC373423E78825009C6534 /* StoryMaker */ = {
			isa = PBXGroup;
			children = (
				7AFC373523E78825009C6534 /* AppDelegate.swift */,
				7AFC373723E78825009C6534 /* SceneDelegate.swift */,
				7AFC373923E78825009C6534 /* ViewController.swift */,
				7AFC373B23E78825009C6534 /* Main.storyboard */,
				7A63ED41240308C200264532 /* BackgroundSelect.swift */,
				7AFC373E23E7882B009C6534 /* Assets.xcassets */,
				7AFC374023E7882B009C6534 /* LaunchScreen.storyboard */,
				7AFC374323E7882B009C6534 /* Info.plist */,
			);
			path = StoryMaker;
			sourceTree = "<group>";
		};
/* End PBXGroup section */

/* Begin PBXNativeTarget section */
		7AFC373123E78825009C6534 /* StoryMaker */ = {
			isa = PBXNativeTarget;
			buildConfigurationList = 7AFC374623E7882B009C6534 /* Build configuration list for PBXNativeTarget "StoryMaker" */;
			buildPhases = (
				7AFC372E23E78825009C6534 /* Sources */,
				7AFC372F23E78825009C6534 /* Frameworks */,
				7AFC373023E78825009C6534 /* Resources */,
			);
			buildRules = (
			);
			dependencies = (
			);
			name = StoryMaker;
			productName = StoryMaker;
			productReference = 7AFC373223E78825009C6534 /* App.app */;
			productType = "com.apple.product-type.application";
		};
/* End PBXNativeTarget section */

/* Begin PBXProject section */
		7AFC372A23E78825009C6534 /* Project object */ = {
			isa = PBXProject;
			attributes = {
				LastSwiftUpdateCheck = 1110;
				LastUpgradeCheck = 1110;
				ORGANIZATIONNAME = marinalee;
				TargetAttributes = {
					7AFC373123E78825009C6534 = {
						CreatedOnToolsVersion = 11.1;
					};
				};
			};
			buildConfigurationList = 7AFC372D23E78825009C6534 /* Build configuration list for PBXProject "StoryMaker" */;
			compatibilityVersion = "Xcode 9.3";
			developmentRegion = en;
			hasScannedForEncodings = 0;
			knownRegions = (
				en,
				Base,
			);
			mainGroup = 7AFC372923E78825009C6534;
			productRefGroup = 7AFC373323E78825009C6534 /* Products */;
			projectDirPath = "";
			projectRoot = "";
			targets = (
				7AFC373123E78825009C6534 /* StoryMaker */,
			);
		};
/* End PBXProject section */

/* Begin PBXResourcesBuildPhase section */
		7AFC373023E78825009C6534 /* Resources */ = {
			isa = PBXResourcesBuildPhase;
			buildActionMask = 2147483647;
			files = (
				7AFC374223E7882B009C6534 /* LaunchScreen.storyboard in Resources */,
				7AFC373F23E7882B009C6534 /* Assets.xcassets in Resources */,
				7AFC373D23E78825009C6534 /* Main.storyboard in Resources */,
			);
			runOnlyForDeploymentPostprocessing = 0;
		};
/* End PBXResourcesBuildPhase section */

/* Begin PBXSourcesBuildPhase section */
		7AFC372E23E78825009C6534 /* Sources */ = {
			isa = PBXSourcesBuildPhase;
			buildActionMask = 2147483647;
			files = (
				7AFC373A23E78825009C6534 /* ViewController.swift in Sources */,
				7A63ED42240308C200264532 /* BackgroundSelect.swift in Sources */,
				7AFC373623E78825009C6534 /* AppDelegate.swift in Sources */,
				7AFC373823E78825009C6534 /* SceneDelegate.swift in Sources */,
			);
			runOnlyForDeploymentPostprocessing = 0;
		};
/* End PBXSourcesBuildPhase section */

/* Begin PBXVariantGroup section */
		7AFC373B23E78825009C6534 /* Main.storyboard */ = {
			isa = PBXVariantGroup;
			children = (
				7AFC373C23E78825009C6534 /* Base */,
			);
			name = Main.storyboard;
			sourceTree = "<group>";
		};
		7AFC374023E7882B009C6534 /* LaunchScreen.storyboard */ = {
			isa = PBXVariantGroup;
			children = (
				7AFC374123E7882B009C6534 /* Base */,
			);
			name = LaunchScreen.storyboard;
			sourceTree = "<group>";
		};
/* End PBXVariantGroup section */

/* Begin XCBuildConfiguration section */
		7AFC374423E7882B009C6534 /* Debug */ = {
			isa = XCBuildConfiguration;
			buildSettings = {
				ALWAYS_SEARCH_USER_PATHS = NO;
				CLANG_ANALYZER_NONNULL = YES;
				CLANG_ANALYZER_NUMBER_OBJECT_CONVERSION = YES_AGGRESSIVE;
				CLANG_CXX_LANGUAGE_STANDARD = "gnu++14";
				CLANG_CXX_LIBRARY = "libc++";
				CLANG_ENABLE_MODULES = YES;
				CLANG_ENABLE_OBJC_ARC = YES;
				CLANG_ENABLE_OBJC_WEAK = YES;
				CLANG_WARN_BLOCK_CAPTURE_AUTORELEASING = YES;
				CLANG_WARN_BOOL_CONVERSION = YES;
				CLANG_WARN_COMMA = YES;
				CLANG_WARN_CONSTANT_CONVERSION = YES;
				CLANG_WARN_DEPRECATED_OBJC_IMPLEMENTATIONS = YES;
				CLANG_WARN_DIRECT_OBJC_ISA_USAGE = YES_ERROR;
				CLANG_WARN_DOCUMENTATION_COMMENTS = YES;
				CLANG_WARN_EMPTY_BODY = YES;
				CLANG_WARN_ENUM_CONVERSION = YES;
				CLANG_WARN_INFINITE_RECURSION = YES;
				CLANG_WARN_INT_CONVERSION = YES;
				CLANG_WARN_NON_LITERAL_NULL_CONVERSION = YES;
				CLANG_WARN_OBJC_IMPLICIT_RETAIN_SELF = YES;
				CLANG_WARN_OBJC_LITERAL_CONVERSION = YES;
				CLANG_WARN_OBJC_ROOT_CLASS = YES_ERROR;
				CLANG_WARN_RANGE_LOOP_ANALYSIS = YES;
				CLANG_WARN_STRICT_PROTOTYPES = YES;
				CLANG_WARN_SUSPICIOUS_MOVE = YES;
				CLANG_WARN_UNGUARDED_AVAILABILITY = YES_AGGRESSIVE;
				CLANG_WARN_UNREACHABLE_CODE = YES;
				CLANG_WARN__DUPLICATE_METHOD_MATCH = YES;
				COPY_PHASE_STRIP = NO;
				DEBUG_INFORMATION_FORMAT = dwarf;
				ENABLE_STRICT_OBJC_MSGSEND = YES;
				ENABLE_TESTABILITY = YES;
				GCC_C_LANGUAGE_STANDARD = gnu11;
				GCC_DYNAMIC_NO_PIC = NO;
				GCC_NO_COMMON_BLOCKS = YES;
				GCC_OPTIMIZATION_LEVEL = 0;
				GCC_PREPROCESSOR_DEFINITIONS = (
					"DEBUG=1",
					"$(inherited)",
				);
				GCC_WARN_64_TO_32_BIT_CONVERSION = YES;
				GCC_WARN_ABOUT_RETURN_TYPE = YES_ERROR;
				GCC_WARN_UNDECLARED_SELECTOR = YES;
				GCC_WARN_UNINITIALIZED_AUTOS = YES_AGGRESSIVE;
				GCC_WARN_UNUSED_FUNCTION = YES;
				GCC_WARN_UNUSED_VARIABLE = YES;
				IPHONEOS_DEPLOYMENT_TARGET = 13.1;
				MTL_ENABLE_DEBUG_INFO = INCLUDE_SOURCE;
				MTL_FAST_MATH = YES;
				ONLY_ACTIVE_ARCH = YES;
				SDKROOT = iphoneos;
				SWIFT_ACTIVE_COMPILATION_CONDITIONS = DEBUG;
				SWIFT_OPTIMIZATION_LEVEL = "-Onone";
			};
			name = Debug;
		};
		7AFC374523E7882B009C6534 /* Release */ = {
			isa = XCBuildConfiguration;
			buildSettings = {
				ALWAYS_SEARCH_USER_PATHS = NO;
				CLANG_ANALYZER_NONNULL = YES;
				CLANG_ANALYZER_NUMBER_OBJECT_CONVERSION = YES_AGGRESSIVE;
				CLANG_CXX_LANGUAGE_STANDARD = "gnu++14";
				CLANG_CXX_LIBRARY = "libc++";
				CLANG_ENABLE_MODULES = YES;
				CLANG_ENABLE_OBJC_ARC = YES;
				CLANG_ENABLE_OBJC_WEAK = YES;
				CLANG_WARN_BLOCK_CAPTURE_AUTORELEASING = YES;
				CLANG_WARN_BOOL_CONVERSION = YES;
				CLANG_WARN_COMMA = YES;
				CLANG_WARN_CONSTANT_CONVERSION = YES;
				CLANG_WARN_DEPRECATED_OBJC_IMPLEMENTATIONS = YES;
				CLANG_WARN_DIRECT_OBJC_ISA_USAGE = YES_ERROR;
				CLANG_WARN_DOCUMENTATION_COMMENTS = YES;
				CLANG_WARN_EMPTY_BODY = YES;
				CLANG_WARN_ENUM_CONVERSION = YES;
				CLANG_WARN_INFINITE_RECURSION = YES;
				CLANG_WARN_INT_CONVERSION = YES;
				CLANG_WARN_NON_LITERAL_NULL_CONVERSION = YES;
				CLANG_WARN_OBJC_IMPLICIT_RETAIN_SELF = YES;
				CLANG_WARN_OBJC_LITERAL_CONVERSION = YES;
				CLANG_WARN_OBJC_ROOT_CLASS = YES_ERROR;
				CLANG_WARN_RANGE_LOOP_ANALYSIS = YES;
				CLANG_WARN_STRICT_PROTOTYPES = YES;
				CLANG_WARN_SUSPICIOUS_MOVE = YES;
				CLANG_WARN_UNGUARDED_AVAILABILITY = YES_AGGRESSIVE;
				CLANG_WARN_UNREACHABLE_CODE = YES;
				CLANG_WARN__DUPLICATE_METHOD_MATCH = YES;
				COPY_PHASE_STRIP = NO;
				DEBUG_INFORMATION_FORMAT = "dwarf-with-dsym";
				ENABLE_NS_ASSERTIONS = NO;
				ENABLE_STRICT_OBJC_MSGSEND = YES;
				GCC_C_LANGUAGE_STANDARD = gnu11;
				GCC_NO_COMMON_BLOCKS = YES;
				GCC_WARN_64_TO_32_BIT_CONVERSION = YES;
				GCC_WARN_ABOUT_RETURN_TYPE = YES_ERROR;
				GCC_WARN_UNDECLARED_SELECTOR = YES;
				GCC_WARN_UNINITIALIZED_AUTOS = YES_AGGRESSIVE;
				GCC_WARN_UNUSED_FUNCTION = YES;
				GCC_WARN_UNUSED_VARIABLE = YES;
				IPHONEOS_DEPLOYMENT_TARGET = 13.1;
				MTL_ENABLE_DEBUG_INFO = NO;
				MTL_FAST_MATH = YES;
				SDKROOT = iphoneos;
				SWIFT_COMPILATION_MODE = wholemodule;
				SWIFT_OPTIMIZATION_LEVEL = "-O";
				VALIDATE_PRODUCT = YES;
			};
			name = Release;
		};
		7AFC374723E7882B009C6534 /* Debug */ = {
			isa = XCBuildConfiguration;
			buildSettings = {
				ASSETCATALOG_COMPILER_APPICON_NAME = AppIcon;
				CODE_SIGN_STYLE = Automatic;
				DEVELOPMENT_TEAM = 9SYG28RVVD;
				INFOPLIST_FILE = StoryMaker/Info.plist;
				LD_RUNPATH_SEARCH_PATHS = (
					"$(inherited)",
					"@executable_path/Frameworks",
				);
				PRODUCT_BUNDLE_IDENTIFIER = com.marinalee.StoryMaker;
				PRODUCT_NAME = App;
				SWIFT_VERSION = 5.0;
				TARGETED_DEVICE_FAMILY = "1,2";
			};
			name = Debug;
		};
		7AFC374823E7882B009C6534 /* Release */ = {
			isa = XCBuildConfiguration;
			buildSettings = {
				ASSETCATALOG_COMPILER_APPICON_NAME = AppIcon;
				CODE_SIGN_STYLE = Automatic;
				DEVELOPMENT_TEAM = 9SYG28RVVD;
				INFOPLIST_FILE = StoryMaker/Info.plist;
				LD_RUNPATH_SEARCH_PATHS = (
					"$(inherited)",
					"@executable_path/Frameworks",
				);
				PRODUCT_BUNDLE_IDENTIFIER = com.marinalee.StoryMaker;
				PRODUCT_NAME = App;
				SWIFT_VERSION = 5.0;
				TARGETED_DEVICE_FAMILY = "1,2";
			};
			name = Release;
		};
/* End XCBuildConfiguration section */

/* Begin XCConfigurationList section */
		7AFC372D23E78825009C6534 /* Build configuration list for PBXProject "StoryMaker" */ = {
			isa = XCConfigurationList;
			buildConfigurations = (
				7AFC374423E7882B009C6534 /* Debug */,
				7AFC374523E7882B009C6534 /* Release */,
			);
			defaultConfigurationIsVisible = 0;
			defaultConfigurationName = Release;
		};
		7AFC374623E7882B009C6534 /* Build configuration list for PBXNativeTarget "StoryMaker" */ = {
			isa = XCConfigurationList;
			buildConfigurations = (
				7AFC374723E7882B009C6534 /* Debug */,
				7AFC374823E7882B009C6534 /* Release */,
			);
			defaultConfigurationIsVisible = 0;
			defaultConfigurationName = Release;
		};
/* End XCConfigurationList section */
	};
	rootObject = 7AFC372A23E78825009C6534 /* Project object */;
}
